
Microsoft Visual Studio Solution File, Format Version 12.00
# Visual Studio Version 17
VisualStudioVersion = 17.3.32901.215
MinimumVisualStudioVersion = 10.0.40219.1
Project("{FAE04EC0-301F-11D3-BF4B-00C04F79EFBC}") = "L13_AJFR_1247022", "L13_AJFR_1247022.csproj", "{0EC2F301-B0A1-4180-AB8F-B88F6264969B}"
EndProject
Global
	GlobalSection(SolutionConfigurationPlatforms) = preSolution
		Debug|Any CPU = Debug|Any CPU
		Release|Any CPU = Release|Any CPU
	EndGlobalSection
	GlobalSection(ProjectConfigurationPlatforms) = postSolution
		{0EC2F301-B0A1-4180-AB8F-B88F6264969B}.Debug|Any CPU.ActiveCfg = Debug|Any CPU
		{0EC2F301-B0A1-4180-AB8F-B88F6264969B}.Debug|Any CPU.Build.0 = Debug|Any CPU
		{0EC2F301-B0A1-4180-AB8F-B88F6264969B}.Release|Any CPU.ActiveCfg = Release|Any CPU
		{0EC2F301-B0A1-4180-AB8F-B88F6264969B}.Release|Any CPU.Build.0 = Release|Any CPU
	EndGlobalSection
	GlobalSection(SolutionProperties) = preSolution
		HideSolutionNode = FALSE
	EndGlobalSection
	GlobalSection(ExtensibilityGlobals) = postSolution
		SolutionGuid = {9DF560E6-8658-412F-8964-59D5C54405B4}
	EndGlobalSection
EndGlobal
